
Microsoft Visual Studio Solution File, Format Version 10.00
# Visual Studio 2008
Project("{FAE04EC0-301F-11D3-BF4B-00C04F79EFBC}") = "TestGraphDataProviders", "TestGraphDataProviders\TestGraphDataProviders.csproj", "{40E9844B-8CF9-4D85-9B5D-CD5A78B019C9}"
EndProject
Project("{FAE04EC0-301F-11D3-BF4B-00C04F79EFBC}") = "GraphDataProviders", "GraphDataProviders\GraphDataProviders.csproj", "{64BD817E-C145-413C-BD58-9E053C4B20B5}"
EndProject
Project("{FAE04EC0-301F-11D3-BF4B-00C04F79EFBC}") = "NetworkServer", "NetworkServer\NetworkServer.csproj", "{81F182F8-7F5F-43CA-96BE-D25781368F48}"
EndProject
Project("{FAE04EC0-301F-11D3-BF4B-00C04F79EFBC}") = "UnitTests", "UnitTests\UnitTests.csproj", "{08AC98D6-B50B-4038-9FCB-1F8187547FCF}"
EndProject
Global
	GlobalSection(SolutionConfigurationPlatforms) = preSolution
		Debug|Any CPU = Debug|Any CPU
		Release|Any CPU = Release|Any CPU
	EndGlobalSection
	GlobalSection(ProjectConfigurationPlatforms) = postSolution
		{40E9844B-8CF9-4D85-9B5D-CD5A78B019C9}.Debug|Any CPU.ActiveCfg = Debug|Any CPU
		{40E9844B-8CF9-4D85-9B5D-CD5A78B019C9}.Debug|Any CPU.Build.0 = Debug|Any CPU
		{40E9844B-8CF9-4D85-9B5D-CD5A78B019C9}.Release|Any CPU.ActiveCfg = Release|Any CPU
		{40E9844B-8CF9-4D85-9B5D-CD5A78B019C9}.Release|Any CPU.Build.0 = Release|Any CPU
		{64BD817E-C145-413C-BD58-9E053C4B20B5}.Debug|Any CPU.ActiveCfg = Debug|Any CPU
		{64BD817E-C145-413C-BD58-9E053C4B20B5}.Debug|Any CPU.Build.0 = Debug|Any CPU
		{64BD817E-C145-413C-BD58-9E053C4B20B5}.Release|Any CPU.ActiveCfg = Release|Any CPU
		{64BD817E-C145-413C-BD58-9E053C4B20B5}.Release|Any CPU.Build.0 = Release|Any CPU
		{81F182F8-7F5F-43CA-96BE-D25781368F48}.Debug|Any CPU.ActiveCfg = Debug|Any CPU
		{81F182F8-7F5F-43CA-96BE-D25781368F48}.Debug|Any CPU.Build.0 = Debug|Any CPU
		{81F182F8-7F5F-43CA-96BE-D25781368F48}.Release|Any CPU.ActiveCfg = Release|Any CPU
		{81F182F8-7F5F-43CA-96BE-D25781368F48}.Release|Any CPU.Build.0 = Release|Any CPU
		{08AC98D6-B50B-4038-9FCB-1F8187547FCF}.Debug|Any CPU.ActiveCfg = Debug|Any CPU
		{08AC98D6-B50B-4038-9FCB-1F8187547FCF}.Debug|Any CPU.Build.0 = Debug|Any CPU
		{08AC98D6-B50B-4038-9FCB-1F8187547FCF}.Release|Any CPU.ActiveCfg = Release|Any CPU
		{08AC98D6-B50B-4038-9FCB-1F8187547FCF}.Release|Any CPU.Build.0 = Release|Any CPU
	EndGlobalSection
	GlobalSection(SolutionProperties) = preSolution
		HideSolutionNode = FALSE
	EndGlobalSection
EndGlobal
